
Microsoft Visual Studio Solution File, Format Version 12.00
# Visual Studio Version 17
VisualStudioVersion = 17.5.001.0
MinimumVisualStudioVersion = 10.0.40219.1
Project("{9A19103F-16F7-4668-BE54-9A1E7A4F7556}") = "HelloWorldFromCLI", "HelloWorldFromCLI.csproj", "{C14AAF1F-6AF7-4486-A98A-25A3282FA25A}"
EndProject
Global
	GlobalSection(SolutionConfigurationPlatforms) = preSolution
		Debug|Any CPU = Debug|Any CPU
		Release|Any CPU = Release|Any CPU
	EndGlobalSection
	GlobalSection(ProjectConfigurationPlatforms) = postSolution
		{C14AAF1F-6AF7-4486-A98A-25A3282FA25A}.Debug|Any CPU.ActiveCfg = Debug|Any CPU
		{C14AAF1F-6AF7-4486-A98A-25A3282FA25A}.Debug|Any CPU.Build.0 = Debug|Any CPU
		{C14AAF1F-6AF7-4486-A98A-25A3282FA25A}.Release|Any CPU.ActiveCfg = Release|Any CPU
		{C14AAF1F-6AF7-4486-A98A-25A3282FA25A}.Release|Any CPU.Build.0 = Release|Any CPU
	EndGlobalSection
	GlobalSection(SolutionProperties) = preSolution
		HideSolutionNode = FALSE
	EndGlobalSection
	GlobalSection(ExtensibilityGlobals) = postSolution
		SolutionGuid = {53452A76-5E92-40D7-B16E-F7C6F4FAB015}
	EndGlobalSection
EndGlobal
